// !$*UTF8*$!
{
	archiveVersion = 1;
	classes = {
	};
	objectVersion = 55;
	objects = {

/* Begin PBXBuildFile section */
		F4D478FC27F9A76C001415A2 /* AppDelegate.swift in Sources */ = {isa = PBXBuildFile; fileRef = F4D478FB27F9A76C001415A2 /* AppDelegate.swift */; };
		F4D478FE27F9A76C001415A2 /* SceneDelegate.swift in Sources */ = {isa = PBXBuildFile; fileRef = F4D478FD27F9A76C001415A2 /* SceneDelegate.swift */; };
		F4D4790027F9A76C001415A2 /* ViewController.swift in Sources */ = {isa = PBXBuildFile; fileRef = F4D478FF27F9A76C001415A2 /* ViewController.swift */; };
		F4D4790327F9A76C001415A2 /* Main.storyboard in Resources */ = {isa = PBXBuildFile; fileRef = F4D4790127F9A76C001415A2 /* Main.storyboard */; };
		F4D4790527F9A76D001415A2 /* Assets.xcassets in Resources */ = {isa = PBXBuildFile; fileRef = F4D4790427F9A76D001415A2 /* Assets.xcassets */; };
		F4D4790827F9A76D001415A2 /* LaunchScreen.storyboard in Resources */ = {isa = PBXBuildFile; fileRef = F4D4790627F9A76D001415A2 /* LaunchScreen.storyboard */; };
		F4D4791327F9A76D001415A2 /* TableViewTests.swift in Sources */ = {isa = PBXBuildFile; fileRef = F4D4791227F9A76D001415A2 /* TableViewTests.swift */; };
		F4D4791D27F9A76D001415A2 /* TableViewUITests.swift in Sources */ = {isa = PBXBuildFile; fileRef = F4D4791C27F9A76D001415A2 /* TableViewUITests.swift */; };
		F4D4791F27F9A76D001415A2 /* TableViewUITestsLaunchTests.swift in Sources */ = {isa = PBXBuildFile; fileRef = F4D4791E27F9A76D001415A2 /* TableViewUITestsLaunchTests.swift */; };
		F4D4792D27F9A9F4001415A2 /* TableViewCell.swift in Sources */ = {isa = PBXBuildFile; fileRef = F4D4792B27F9A9F4001415A2 /* TableViewCell.swift */; };
		F4D4792E27F9A9F4001415A2 /* TableViewCell.xib in Resources */ = {isa = PBXBuildFile; fileRef = F4D4792C27F9A9F4001415A2 /* TableViewCell.xib */; };
/* End PBXBuildFile section */

/* Begin PBXContainerItemProxy section */
		F4D4790F27F9A76D001415A2 /* PBXContainerItemProxy */ = {
			isa = PBXContainerItemProxy;
			containerPortal = F4D478F027F9A76C001415A2 /* Project object */;
			proxyType = 1;
			remoteGlobalIDString = F4D478F727F9A76C001415A2;
			remoteInfo = TableView;
		};
		F4D4791927F9A76D001415A2 /* PBXContainerItemProxy */ = {
			isa = PBXContainerItemProxy;
			containerPortal = F4D478F027F9A76C001415A2 /* Project object */;
			proxyType = 1;
			remoteGlobalIDString = F4D478F727F9A76C001415A2;
			remoteInfo = TableView;
		};
/* End PBXContainerItemProxy section */

/* Begin PBXFileReference section */
		F4D478F827F9A76C001415A2 /* TableView.app */ = {isa = PBXFileReference; explicitFileType = wrapper.application; includeInIndex = 0; path = TableView.app; sourceTree = BUILT_PRODUCTS_DIR; };
		F4D478FB27F9A76C001415A2 /* AppDelegate.swift */ = {isa = PBXFileReference; lastKnownFileType = sourcecode.swift; path = AppDelegate.swift; sourceTree = "<group>"; };
		F4D478FD27F9A76C001415A2 /* SceneDelegate.swift */ = {isa = PBXFileReference; lastKnownFileType = sourcecode.swift; path = SceneDelegate.swift; sourceTree = "<group>"; };
		F4D478FF27F9A76C001415A2 /* ViewController.swift */ = {isa = PBXFileReference; lastKnownFileType = sourcecode.swift; path = ViewController.swift; sourceTree = "<group>"; };
		F4D4790227F9A76C001415A2 /* Base */ = {isa = PBXFileReference; lastKnownFileType = file.storyboard; name = Base; path = Base.lproj/Main.storyboard; sourceTree = "<group>"; };
		F4D4790427F9A76D001415A2 /* Assets.xcassets */ = {isa = PBXFileReference; lastKnownFileType = folder.assetcatalog; path = Assets.xcassets; sourceTree = "<group>"; };
		F4D4790727F9A76D001415A2 /* Base */ = {isa = PBXFileReference; lastKnownFileType = file.storyboard; name = Base; path = Base.lproj/LaunchScreen.storyboard; sourceTree = "<group>"; };
		F4D4790927F9A76D001415A2 /* Info.plist */ = {isa = PBXFileReference; lastKnownFileType = text.plist.xml; path = Info.plist; sourceTree = "<group>"; };
		F4D4790E27F9A76D001415A2 /* TableViewTests.xctest */ = {isa = PBXFileReference; explicitFileType = wrapper.cfbundle; includeInIndex = 0; path = TableViewTests.xctest; sourceTree = BUILT_PRODUCTS_DIR; };
		F4D4791227F9A76D001415A2 /* TableViewTests.swift */ = {isa = PBXFileReference; lastKnownFileType = sourcecode.swift; path = TableViewTests.swift; sourceTree = "<group>"; };
		F4D4791827F9A76D001415A2 /* TableViewUITests.xctest */ = {isa = PBXFileReference; explicitFileType = wrapper.cfbundle; includeInIndex = 0; path = TableViewUITests.xctest; sourceTree = BUILT_PRODUCTS_DIR; };
		F4D4791C27F9A76D001415A2 /* TableViewUITests.swift */ = {isa = PBXFileReference; lastKnownFileType = sourcecode.swift; path = TableViewUITests.swift; sourceTree = "<group>"; };
		F4D4791E27F9A76D001415A2 /* TableViewUITestsLaunchTests.swift */ = {isa = PBXFileReference; lastKnownFileType = sourcecode.swift; path = TableViewUITestsLaunchTests.swift; sourceTree = "<group>"; };
		F4D4792B27F9A9F4001415A2 /* TableViewCell.swift */ = {isa = PBXFileReference; lastKnownFileType = sourcecode.swift; path = TableViewCell.swift; sourceTree = "<group>"; };
		F4D4792C27F9A9F4001415A2 /* TableViewCell.xib */ = {isa = PBXFileReference; lastKnownFileType = file.xib; path = TableViewCell.xib; sourceTree = "<group>"; };
/* End PBXFileReference section */

/* Begin PBXFrameworksBuildPhase section */
		F4D478F527F9A76C001415A2 /* Frameworks */ = {
			isa = PBXFrameworksBuildPhase;
			buildActionMask = 2147483647;
			files = (
			);
			runOnlyForDeploymentPostprocessing = 0;
		};
		F4D4790B27F9A76D001415A2 /* Frameworks */ = {
			isa = PBXFrameworksBuildPhase;
			buildActionMask = 2147483647;
			files = (
			);
			runOnlyForDeploymentPostprocessing = 0;
		};
		F4D4791527F9A76D001415A2 /* Frameworks */ = {
			isa = PBXFrameworksBuildPhase;
			buildActionMask = 2147483647;
			files = (
			);
			runOnlyForDeploymentPostprocessing = 0;
		};
/* End PBXFrameworksBuildPhase section */

/* Begin PBXGroup section */
		F4D478EF27F9A76C001415A2 = {
			isa = PBXGroup;
			children = (
				F4D478FA27F9A76C001415A2 /* TableView */,
				F4D4791127F9A76D001415A2 /* TableViewTests */,
				F4D4791B27F9A76D001415A2 /* TableViewUITests */,
				F4D478F927F9A76C001415A2 /* Products */,
			);
			sourceTree = "<group>";
		};
		F4D478F927F9A76C001415A2 /* Products */ = {
			isa = PBXGroup;
			children = (
				F4D478F827F9A76C001415A2 /* TableView.app */,
				F4D4790E27F9A76D001415A2 /* TableViewTests.xctest */,
				F4D4791827F9A76D001415A2 /* TableViewUITests.xctest */,
			);
			name = Products;
			sourceTree = "<group>";
		};
		F4D478FA27F9A76C001415A2 /* TableView */ = {
			isa = PBXGroup;
			children = (
				F4D478FB27F9A76C001415A2 /* AppDelegate.swift */,
				F4D478FD27F9A76C001415A2 /* SceneDelegate.swift */,
				F4D478FF27F9A76C001415A2 /* ViewController.swift */,
				F4D4790127F9A76C001415A2 /* Main.storyboard */,
				F4D4790427F9A76D001415A2 /* Assets.xcassets */,
				F4D4790627F9A76D001415A2 /* LaunchScreen.storyboard */,
				F4D4790927F9A76D001415A2 /* Info.plist */,
				F4D4792B27F9A9F4001415A2 /* TableViewCell.swift */,
				F4D4792C27F9A9F4001415A2 /* TableViewCell.xib */,
			);
			path = TableView;
			sourceTree = "<group>";
		};
		F4D4791127F9A76D001415A2 /* TableViewTests */ = {
			isa = PBXGroup;
			children = (
				F4D4791227F9A76D001415A2 /* TableViewTests.swift */,
			);
			path = TableViewTests;
			sourceTree = "<group>";
		};
		F4D4791B27F9A76D001415A2 /* TableViewUITests */ = {
			isa = PBXGroup;
			children = (
				F4D4791C27F9A76D001415A2 /* TableViewUITests.swift */,
				F4D4791E27F9A76D001415A2 /* TableViewUITestsLaunchTests.swift */,
			);
			path = TableViewUITests;
			sourceTree = "<group>";
		};
/* End PBXGroup section */

/* Begin PBXNativeTarget section */
		F4D478F727F9A76C001415A2 /* TableView */ = {
			isa = PBXNativeTarget;
			buildConfigurationList = F4D4792227F9A76D001415A2 /* Build configuration list for PBXNativeTarget "TableView" */;
			buildPhases = (
				F4D478F427F9A76C001415A2 /* Sources */,
				F4D478F527F9A76C001415A2 /* Frameworks */,
				F4D478F627F9A76C001415A2 /* Resources */,
			);
			buildRules = (
			);
			dependencies = (
			);
			name = TableView;
			productName = TableView;
			productReference = F4D478F827F9A76C001415A2 /* TableView.app */;
			productType = "com.apple.product-type.application";
		};
		F4D4790D27F9A76D001415A2 /* TableViewTests */ = {
			isa = PBXNativeTarget;
			buildConfigurationList = F4D4792527F9A76D001415A2 /* Build configuration list for PBXNativeTarget "TableViewTests" */;
			buildPhases = (
				F4D4790A27F9A76D001415A2 /* Sources */,
				F4D4790B27F9A76D001415A2 /* Frameworks */,
				F4D4790C27F9A76D001415A2 /* Resources */,
			);
			buildRules = (
			);
			dependencies = (
				F4D4791027F9A76D001415A2 /* PBXTargetDependency */,
			);
			name = TableViewTests;
			productName = TableViewTests;
			productReference = F4D4790E27F9A76D001415A2 /* TableViewTests.xctest */;
			productType = "com.apple.product-type.bundle.unit-test";
		};
		F4D4791727F9A76D001415A2 /* TableViewUITests */ = {
			isa = PBXNativeTarget;
			buildConfigurationList = F4D4792827F9A76D001415A2 /* Build configuration list for PBXNativeTarget "TableViewUITests" */;
			buildPhases = (
				F4D4791427F9A76D001415A2 /* Sources */,
				F4D4791527F9A76D001415A2 /* Frameworks */,
				F4D4791627F9A76D001415A2 /* Resources */,
			);
			buildRules = (
			);
			dependencies = (
				F4D4791A27F9A76D001415A2 /* PBXTargetDependency */,
			);
			name = TableViewUITests;
			productName = TableViewUITests;
			productReference = F4D4791827F9A76D001415A2 /* TableViewUITests.xctest */;
			productType = "com.apple.product-type.bundle.ui-testing";
		};
/* End PBXNativeTarget section */

/* Begin PBXProject section */
		F4D478F027F9A76C001415A2 /* Project object */ = {
			isa = PBXProject;
			attributes = {
				BuildIndependentTargetsInParallel = 1;
				LastSwiftUpdateCheck = 1330;
				LastUpgradeCheck = 1330;
				TargetAttributes = {
					F4D478F727F9A76C001415A2 = {
						CreatedOnToolsVersion = 13.3;
					};
					F4D4790D27F9A76D001415A2 = {
						CreatedOnToolsVersion = 13.3;
						TestTargetID = F4D478F727F9A76C001415A2;
					};
					F4D4791727F9A76D001415A2 = {
						CreatedOnToolsVersion = 13.3;
						TestTargetID = F4D478F727F9A76C001415A2;
					};
				};
			};
			buildConfigurationList = F4D478F327F9A76C001415A2 /* Build configuration list for PBXProject "TableView" */;
			compatibilityVersion = "Xcode 13.0";
			developmentRegion = en;
			hasScannedForEncodings = 0;
			knownRegions = (
				en,
				Base,
			);
			mainGroup = F4D478EF27F9A76C001415A2;
			productRefGroup = F4D478F927F9A76C001415A2 /* Products */;
			projectDirPath = "";
			projectRoot = "";
			targets = (
				F4D478F727F9A76C001415A2 /* TableView */,
				F4D4790D27F9A76D001415A2 /* TableViewTests */,
				F4D4791727F9A76D001415A2 /* TableViewUITests */,
			);
		};
/* End PBXProject section */

/* Begin PBXResourcesBuildPhase section */
		F4D478F627F9A76C001415A2 /* Resources */ = {
			isa = PBXResourcesBuildPhase;
			buildActionMask = 2147483647;
			files = (
				F4D4790827F9A76D001415A2 /* LaunchScreen.storyboard in Resources */,
				F4D4792E27F9A9F4001415A2 /* TableViewCell.xib in Resources */,
				F4D4790527F9A76D001415A2 /* Assets.xcassets in Resources */,
				F4D4790327F9A76C001415A2 /* Main.storyboard in Resources */,
			);
			runOnlyForDeploymentPostprocessing = 0;
		};
		F4D4790C27F9A76D001415A2 /* Resources */ = {
			isa = PBXResourcesBuildPhase;
			buildActionMask = 2147483647;
			files = (
			);
			runOnlyForDeploymentPostprocessing = 0;
		};
		F4D4791627F9A76D001415A2 /* Resources */ = {
			isa = PBXResourcesBuildPhase;
			buildActionMask = 2147483647;
			files = (
			);
			runOnlyForDeploymentPostprocessing = 0;
		};
/* End PBXResourcesBuildPhase section */

/* Begin PBXSourcesBuildPhase section */
		F4D478F427F9A76C001415A2 /* Sources */ = {
			isa = PBXSourcesBuildPhase;
			buildActionMask = 2147483647;
			files = (
				F4D4790027F9A76C001415A2 /* ViewController.swift in Sources */,
				F4D4792D27F9A9F4001415A2 /* TableViewCell.swift in Sources */,
				F4D478FC27F9A76C001415A2 /* AppDelegate.swift in Sources */,
				F4D478FE27F9A76C001415A2 /* SceneDelegate.swift in Sources */,
			);
			runOnlyForDeploymentPostprocessing = 0;
		};
		F4D4790A27F9A76D001415A2 /* Sources */ = {
			isa = PBXSourcesBuildPhase;
			buildActionMask = 2147483647;
			files = (
				F4D4791327F9A76D001415A2 /* TableViewTests.swift in Sources */,
			);
			runOnlyForDeploymentPostprocessing = 0;
		};
		F4D4791427F9A76D001415A2 /* Sources */ = {
			isa = PBXSourcesBuildPhase;
			buildActionMask = 2147483647;
			files = (
				F4D4791F27F9A76D001415A2 /* TableViewUITestsLaunchTests.swift in Sources */,
				F4D4791D27F9A76D001415A2 /* TableViewUITests.swift in Sources */,
			);
			runOnlyForDeploymentPostprocessing = 0;
		};
/* End PBXSourcesBuildPhase section */

/* Begin PBXTargetDependency section */
		F4D4791027F9A76D001415A2 /* PBXTargetDependency */ = {
			isa = PBXTargetDependency;
			target = F4D478F727F9A76C001415A2 /* TableView */;
			targetProxy = F4D4790F27F9A76D001415A2 /* PBXContainerItemProxy */;
		};
		F4D4791A27F9A76D001415A2 /* PBXTargetDependency */ = {
			isa = PBXTargetDependency;
			target = F4D478F727F9A76C001415A2 /* TableView */;
			targetProxy = F4D4791927F9A76D001415A2 /* PBXContainerItemProxy */;
		};
/* End PBXTargetDependency section */

/* Begin PBXVariantGroup section */
		F4D4790127F9A76C001415A2 /* Main.storyboard */ = {
			isa = PBXVariantGroup;
			children = (
				F4D4790227F9A76C001415A2 /* Base */,
			);
			name = Main.storyboard;
			sourceTree = "<group>";
		};
		F4D4790627F9A76D001415A2 /* LaunchScreen.storyboard */ = {
			isa = PBXVariantGroup;
			children = (
				F4D4790727F9A76D001415A2 /* Base */,
			);
			name = LaunchScreen.storyboard;
			sourceTree = "<group>";
		};
/* End PBXVariantGroup section */

/* Begin XCBuildConfiguration section */
		F4D4792027F9A76D001415A2 /* Debug */ = {
			isa = XCBuildConfiguration;
			buildSettings = {
				ALWAYS_SEARCH_USER_PATHS = NO;
				CLANG_ANALYZER_NONNULL = YES;
				CLANG_ANALYZER_NUMBER_OBJECT_CONVERSION = YES_AGGRESSIVE;
				CLANG_CXX_LANGUAGE_STANDARD = "gnu++17";
				CLANG_ENABLE_MODULES = YES;
				CLANG_ENABLE_OBJC_ARC = YES;
				CLANG_ENABLE_OBJC_WEAK = YES;
				CLANG_WARN_BLOCK_CAPTURE_AUTORELEASING = YES;
				CLANG_WARN_BOOL_CONVERSION = YES;
				CLANG_WARN_COMMA = YES;
				CLANG_WARN_CONSTANT_CONVERSION = YES;
				CLANG_WARN_DEPRECATED_OBJC_IMPLEMENTATIONS = YES;
				CLANG_WARN_DIRECT_OBJC_ISA_USAGE = YES_ERROR;
				CLANG_WARN_DOCUMENTATION_COMMENTS = YES;
				CLANG_WARN_EMPTY_BODY = YES;
				CLANG_WARN_ENUM_CONVERSION = YES;
				CLANG_WARN_INFINITE_RECURSION = YES;
				CLANG_WARN_INT_CONVERSION = YES;
				CLANG_WARN_NON_LITERAL_NULL_CONVERSION = YES;
				CLANG_WARN_OBJC_IMPLICIT_RETAIN_SELF = YES;
				CLANG_WARN_OBJC_LITERAL_CONVERSION = YES;
				CLANG_WARN_OBJC_ROOT_CLASS = YES_ERROR;
				CLANG_WARN_QUOTED_INCLUDE_IN_FRAMEWORK_HEADER = YES;
				CLANG_WARN_RANGE_LOOP_ANALYSIS = YES;
				CLANG_WARN_STRICT_PROTOTYPES = YES;
				CLANG_WARN_SUSPICIOUS_MOVE = YES;
				CLANG_WARN_UNGUARDED_AVAILABILITY = YES_AGGRESSIVE;
				CLANG_WARN_UNREACHABLE_CODE = YES;
				CLANG_WARN__DUPLICATE_METHOD_MATCH = YES;
				COPY_PHASE_STRIP = NO;
				DEBUG_INFORMATION_FORMAT = dwarf;
				ENABLE_STRICT_OBJC_MSGSEND = YES;
				ENABLE_TESTABILITY = YES;
				GCC_C_LANGUAGE_STANDARD = gnu11;
				GCC_DYNAMIC_NO_PIC = NO;
				GCC_NO_COMMON_BLOCKS = YES;
				GCC_OPTIMIZATION_LEVEL = 0;
				GCC_PREPROCESSOR_DEFINITIONS = (
					"DEBUG=1",
					"$(inherited)",
				);
				GCC_WARN_64_TO_32_BIT_CONVERSION = YES;
				GCC_WARN_ABOUT_RETURN_TYPE = YES_ERROR;
				GCC_WARN_UNDECLARED_SELECTOR = YES;
				GCC_WARN_UNINITIALIZED_AUTOS = YES_AGGRESSIVE;
				GCC_WARN_UNUSED_FUNCTION = YES;
				GCC_WARN_UNUSED_VARIABLE = YES;
				IPHONEOS_DEPLOYMENT_TARGET = 15.4;
				MTL_ENABLE_DEBUG_INFO = INCLUDE_SOURCE;
				MTL_FAST_MATH = YES;
				ONLY_ACTIVE_ARCH = YES;
				SDKROOT = iphoneos;
				SWIFT_ACTIVE_COMPILATION_CONDITIONS = DEBUG;
				SWIFT_OPTIMIZATION_LEVEL = "-Onone";
			};
			name = Debug;
		};
		F4D4792127F9A76D001415A2 /* Release */ = {
			isa = XCBuildConfiguration;
			buildSettings = {
				ALWAYS_SEARCH_USER_PATHS = NO;
				CLANG_ANALYZER_NONNULL = YES;
				CLANG_ANALYZER_NUMBER_OBJECT_CONVERSION = YES_AGGRESSIVE;
				CLANG_CXX_LANGUAGE_STANDARD = "gnu++17";
				CLANG_ENABLE_MODULES = YES;
				CLANG_ENABLE_OBJC_ARC = YES;
				CLANG_ENABLE_OBJC_WEAK = YES;
				CLANG_WARN_BLOCK_CAPTURE_AUTORELEASING = YES;
				CLANG_WARN_BOOL_CONVERSION = YES;
				CLANG_WARN_COMMA = YES;
				CLANG_WARN_CONSTANT_CONVERSION = YES;
				CLANG_WARN_DEPRECATED_OBJC_IMPLEMENTATIONS = YES;
				CLANG_WARN_DIRECT_OBJC_ISA_USAGE = YES_ERROR;
				CLANG_WARN_DOCUMENTATION_COMMENTS = YES;
				CLANG_WARN_EMPTY_BODY = YES;
				CLANG_WARN_ENUM_CONVERSION = YES;
				CLANG_WARN_INFINITE_RECURSION = YES;
				CLANG_WARN_INT_CONVERSION = YES;
				CLANG_WARN_NON_LITERAL_NULL_CONVERSION = YES;
				CLANG_WARN_OBJC_IMPLICIT_RETAIN_SELF = YES;
				CLANG_WARN_OBJC_LITERAL_CONVERSION = YES;
				CLANG_WARN_OBJC_ROOT_CLASS = YES_ERROR;
				CLANG_WARN_QUOTED_INCLUDE_IN_FRAMEWORK_HEADER = YES;
				CLANG_WARN_RANGE_LOOP_ANALYSIS = YES;
				CLANG_WARN_STRICT_PROTOTYPES = YES;
				CLANG_WARN_SUSPICIOUS_MOVE = YES;
				CLANG_WARN_UNGUARDED_AVAILABILITY = YES_AGGRESSIVE;
				CLANG_WARN_UNREACHABLE_CODE = YES;
				CLANG_WARN__DUPLICATE_METHOD_MATCH = YES;
				COPY_PHASE_STRIP = NO;
				DEBUG_INFORMATION_FORMAT = "dwarf-with-dsym";
				ENABLE_NS_ASSERTIONS = NO;
				ENABLE_STRICT_OBJC_MSGSEND = YES;
				GCC_C_LANGUAGE_STANDARD = gnu11;
				GCC_NO_COMMON_BLOCKS = YES;
				GCC_WARN_64_TO_32_BIT_CONVERSION = YES;
				GCC_WARN_ABOUT_RETURN_TYPE = YES_ERROR;
				GCC_WARN_UNDECLARED_SELECTOR = YES;
				GCC_WARN_UNINITIALIZED_AUTOS = YES_AGGRESSIVE;
				GCC_WARN_UNUSED_FUNCTION = YES;
				GCC_WARN_UNUSED_VARIABLE = YES;
				IPHONEOS_DEPLOYMENT_TARGET = 15.4;
				MTL_ENABLE_DEBUG_INFO = NO;
				MTL_FAST_MATH = YES;
				SDKROOT = iphoneos;
				SWIFT_COMPILATION_MODE = wholemodule;
				SWIFT_OPTIMIZATION_LEVEL = "-O";
				VALIDATE_PRODUCT = YES;
			};
			name = Release;
		};
		F4D4792327F9A76D001415A2 /* Debug */ = {
			isa = XCBuildConfiguration;
			buildSettings = {
				ASSETCATALOG_COMPILER_APPICON_NAME = AppIcon;
				ASSETCATALOG_COMPILER_GLOBAL_ACCENT_COLOR_NAME = AccentColor;
				CODE_SIGN_STYLE = Automatic;
				CURRENT_PROJECT_VERSION = 1;
				DEVELOPMENT_TEAM = 9P2B72MX33;
				GENERATE_INFOPLIST_FILE = YES;
				INFOPLIST_FILE = TableView/Info.plist;
				INFOPLIST_KEY_UIApplicationSupportsIndirectInputEvents = YES;
				INFOPLIST_KEY_UILaunchStoryboardName = LaunchScreen;
				INFOPLIST_KEY_UIMainStoryboardFile = Main;
				INFOPLIST_KEY_UISupportedInterfaceOrientations_iPad = "UIInterfaceOrientationPortrait UIInterfaceOrientationPortraitUpsideDown UIInterfaceOrientationLandscapeLeft UIInterfaceOrientationLandscapeRight";
				INFOPLIST_KEY_UISupportedInterfaceOrientations_iPhone = "UIInterfaceOrientationPortrait UIInterfaceOrientationLandscapeLeft UIInterfaceOrientationLandscapeRight";
				LD_RUNPATH_SEARCH_PATHS = (
					"$(inherited)",
					"@executable_path/Frameworks",
				);
				MARKETING_VERSION = 1.0;
				PRODUCT_BUNDLE_IDENTIFIER = io.pushpendra.TableView;
				PRODUCT_NAME = "$(TARGET_NAME)";
				SWIFT_EMIT_LOC_STRINGS = YES;
				SWIFT_VERSION = 5.0;
				TARGETED_DEVICE_FAMILY = "1,2";
			};
			name = Debug;
		};
		F4D4792427F9A76D001415A2 /* Release */ = {
			isa = XCBuildConfiguration;
			buildSettings = {
				ASSETCATALOG_COMPILER_APPICON_NAME = AppIcon;
				ASSETCATALOG_COMPILER_GLOBAL_ACCENT_COLOR_NAME = AccentColor;
				CODE_SIGN_STYLE = Automatic;
				CURRENT_PROJECT_VERSION = 1;
				DEVELOPMENT_TEAM = 9P2B72MX33;
				GENERATE_INFOPLIST_FILE = YES;
				INFOPLIST_FILE = TableView/Info.plist;
				INFOPLIST_KEY_UIApplicationSupportsIndirectInputEvents = YES;
				INFOPLIST_KEY_UILaunchStoryboardName = LaunchScreen;
				INFOPLIST_KEY_UIMainStoryboardFile = Main;
				INFOPLIST_KEY_UISupportedInterfaceOrientations_iPad = "UIInterfaceOrientationPortrait UIInterfaceOrientationPortraitUpsideDown UIInterfaceOrientationLandscapeLeft UIInterfaceOrientationLandscapeRight";
				INFOPLIST_KEY_UISupportedInterfaceOrientations_iPhone = "UIInterfaceOrientationPortrait UIInterfaceOrientationLandscapeLeft UIInterfaceOrientationLandscapeRight";
				LD_RUNPATH_SEARCH_PATHS = (
					"$(inherited)",
					"@executable_path/Frameworks",
				);
				MARKETING_VERSION = 1.0;
				PRODUCT_BUNDLE_IDENTIFIER = io.pushpendra.TableView;
				PRODUCT_NAME = "$(TARGET_NAME)";
				SWIFT_EMIT_LOC_STRINGS = YES;
				SWIFT_VERSION = 5.0;
				TARGETED_DEVICE_FAMILY = "1,2";
			};
			name = Release;
		};
		F4D4792627F9A76D001415A2 /* Debug */ = {
			isa = XCBuildConfiguration;
			buildSettings = {
				ALWAYS_EMBED_SWIFT_STANDARD_LIBRARIES = YES;
				BUNDLE_LOADER = "$(TEST_HOST)";
				CODE_SIGN_STYLE = Automatic;
				CURRENT_PROJECT_VERSION = 1;
				DEVELOPMENT_TEAM = 9P2B72MX33;
				GENERATE_INFOPLIST_FILE = YES;
				IPHONEOS_DEPLOYMENT_TARGET = 15.4;
				MARKETING_VERSION = 1.0;
				PRODUCT_BUNDLE_IDENTIFIER = io.pushpendra.TableViewTests;
				PRODUCT_NAME = "$(TARGET_NAME)";
				SWIFT_EMIT_LOC_STRINGS = NO;
				SWIFT_VERSION = 5.0;
				TARGETED_DEVICE_FAMILY = "1,2";
				TEST_HOST = "$(BUILT_PRODUCTS_DIR)/TableView.app/TableView";
			};
			name = Debug;
		};
		F4D4792727F9A76D001415A2 /* Release */ = {
			isa = XCBuildConfiguration;
			buildSettings = {
				ALWAYS_EMBED_SWIFT_STANDARD_LIBRARIES = YES;
				BUNDLE_LOADER = "$(TEST_HOST)";
				CODE_SIGN_STYLE = Automatic;
				CURRENT_PROJECT_VERSION = 1;
				DEVELOPMENT_TEAM = 9P2B72MX33;
				GENERATE_INFOPLIST_FILE = YES;
				IPHONEOS_DEPLOYMENT_TARGET = 15.4;
				MARKETING_VERSION = 1.0;
				PRODUCT_BUNDLE_IDENTIFIER = io.pushpendra.TableViewTests;
				PRODUCT_NAME = "$(TARGET_NAME)";
				SWIFT_EMIT_LOC_STRINGS = NO;
				SWIFT_VERSION = 5.0;
				TARGETED_DEVICE_FAMILY = "1,2";
				TEST_HOST = "$(BUILT_PRODUCTS_DIR)/TableView.app/TableView";
			};
			name = Release;
		};
		F4D4792927F9A76D001415A2 /* Debug */ = {
			isa = XCBuildConfiguration;
			buildSettings = {
				ALWAYS_EMBED_SWIFT_STANDARD_LIBRARIES = YES;
				CODE_SIGN_STYLE = Automatic;
				CURRENT_PROJECT_VERSION = 1;
				DEVELOPMENT_TEAM = 9P2B72MX33;
				GENERATE_INFOPLIST_FILE = YES;
				MARKETING_VERSION = 1.0;
				PRODUCT_BUNDLE_IDENTIFIER = io.pushpendra.TableViewUITests;
				PRODUCT_NAME = "$(TARGET_NAME)";
				SWIFT_EMIT_LOC_STRINGS = NO;
				SWIFT_VERSION = 5.0;
				TARGETED_DEVICE_FAMILY = "1,2";
				TEST_TARGET_NAME = TableView;
			};
			name = Debug;
		};
		F4D4792A27F9A76D001415A2 /* Release */ = {
			isa = XCBuildConfiguration;
			buildSettings = {
				ALWAYS_EMBED_SWIFT_STANDARD_LIBRARIES = YES;
				CODE_SIGN_STYLE = Automatic;
				CURRENT_PROJECT_VERSION = 1;
				DEVELOPMENT_TEAM = 9P2B72MX33;
				GENERATE_INFOPLIST_FILE = YES;
				MARKETING_VERSION = 1.0;
				PRODUCT_BUNDLE_IDENTIFIER = io.pushpendra.TableViewUITests;
				PRODUCT_NAME = "$(TARGET_NAME)";
				SWIFT_EMIT_LOC_STRINGS = NO;
				SWIFT_VERSION = 5.0;
				TARGETED_DEVICE_FAMILY = "1,2";
				TEST_TARGET_NAME = TableView;
			};
			name = Release;
		};
/* End XCBuildConfiguration section */

/* Begin XCConfigurationList section */
		F4D478F327F9A76C001415A2 /* Build configuration list for PBXProject "TableView" */ = {
			isa = XCConfigurationList;
			buildConfigurations = (
				F4D4792027F9A76D001415A2 /* Debug */,
				F4D4792127F9A76D001415A2 /* Release */,
			);
			defaultConfigurationIsVisible = 0;
			defaultConfigurationName = Release;
		};
		F4D4792227F9A76D001415A2 /* Build configuration list for PBXNativeTarget "TableView" */ = {
			isa = XCConfigurationList;
			buildConfigurations = (
				F4D4792327F9A76D001415A2 /* Debug */,
				F4D4792427F9A76D001415A2 /* Release */,
			);
			defaultConfigurationIsVisible = 0;
			defaultConfigurationName = Release;
		};
		F4D4792527F9A76D001415A2 /* Build configuration list for PBXNativeTarget "TableViewTests" */ = {
			isa = XCConfigurationList;
			buildConfigurations = (
				F4D4792627F9A76D001415A2 /* Debug */,
				F4D4792727F9A76D001415A2 /* Release */,
			);
			defaultConfigurationIsVisible = 0;
			defaultConfigurationName = Release;
		};
		F4D4792827F9A76D001415A2 /* Build configuration list for PBXNativeTarget "TableViewUITests" */ = {
			isa = XCConfigurationList;
			buildConfigurations = (
				F4D4792927F9A76D001415A2 /* Debug */,
				F4D4792A27F9A76D001415A2 /* Release */,
			);
			defaultConfigurationIsVisible = 0;
			defaultConfigurationName = Release;
		};
/* End XCConfigurationList section */
	};
	rootObject = F4D478F027F9A76C001415A2 /* Project object */;
}
